Microsoft Visual Studio Solution File, Format Version 11.00
# Visual Studio 2008

Project("{54126CC5-82A6-B34E-B0B2-A70FFCE16073}") = "Alien Where", "Assembly-CSharp.csproj", "{03D55CC6-0447-1EC4-2377-D0E9497648B8}"
EndProject
Global
	GlobalSection(SolutionConfigurationPlatforms) = preSolution
		Debug|Any CPU = Debug|Any CPU
		Release|Any CPU = Release|Any CPU
	EndGlobalSection
	GlobalSection(ProjectConfigurationPlatforms) = postSolution
		{03D55CC6-0447-1EC4-2377-D0E9497648B8}.Debug|Any CPU.ActiveCfg = Debug|Any CPU
		{03D55CC6-0447-1EC4-2377-D0E9497648B8}.Debug|Any CPU.Build.0 = Debug|Any CPU
		{03D55CC6-0447-1EC4-2377-D0E9497648B8}.Release|Any CPU.ActiveCfg = Release|Any CPU
		{03D55CC6-0447-1EC4-2377-D0E9497648B8}.Release|Any CPU.Build.0 = Release|Any CPU
	EndGlobalSection
	GlobalSection(SolutionProperties) = preSolution
		HideSolutionNode = FALSE
	EndGlobalSection
	GlobalSection(MonoDevelopProperties) = preSolution
		StartupItem = Assembly-CSharp.csproj
	EndGlobalSection
EndGlobal
